
Microsoft Visual Studio Solution File, Format Version 12.00
# Visual Studio 15
VisualStudioVersion = 15.0.26430.16
MinimumVisualStudioVersion = 10.0.40219.1
Project("{9A19103F-16F7-4668-BE54-9A1E7A4F7556}") = "MetOfficeDataPoint", "MetOfficeDataPoint\MetOfficeDataPoint.csproj", "{24B3493E-6FB1-4DDB-957E-90E1AA186A24}"
EndProject
Project("{9A19103F-16F7-4668-BE54-9A1E7A4F7556}") = "MetOfficeDataPointTest", "MetOfficeDataPointTest\MetOfficeDataPointTest.csproj", "{93117AFD-5999-44F6-8A77-91702FD3D6B7}"
EndProject
Global
	GlobalSection(SolutionConfigurationPlatforms) = preSolution
		Debug|Any CPU = Debug|Any CPU
		Release|Any CPU = Release|Any CPU
	EndGlobalSection
	GlobalSection(ProjectConfigurationPlatforms) = postSolution
		{24B3493E-6FB1-4DDB-957E-90E1AA186A24}.Debug|Any CPU.ActiveCfg = Debug|Any CPU
		{24B3493E-6FB1-4DDB-957E-90E1AA186A24}.Debug|Any CPU.Build.0 = Debug|Any CPU
		{24B3493E-6FB1-4DDB-957E-90E1AA186A24}.Release|Any CPU.ActiveCfg = Release|Any CPU
		{24B3493E-6FB1-4DDB-957E-90E1AA186A24}.Release|Any CPU.Build.0 = Release|Any CPU
		{93117AFD-5999-44F6-8A77-91702FD3D6B7}.Debug|Any CPU.ActiveCfg = Debug|Any CPU
		{93117AFD-5999-44F6-8A77-91702FD3D6B7}.Debug|Any CPU.Build.0 = Debug|Any CPU
		{93117AFD-5999-44F6-8A77-91702FD3D6B7}.Release|Any CPU.ActiveCfg = Release|Any CPU
		{93117AFD-5999-44F6-8A77-91702FD3D6B7}.Release|Any CPU.Build.0 = Release|Any CPU
	EndGlobalSection
	GlobalSection(SolutionProperties) = preSolution
		HideSolutionNode = FALSE
	EndGlobalSection
EndGlobal
